
Microsoft Visual Studio Solution File, Format Version 12.00
# Visual Studio Version 17
VisualStudioVersion = 17.12.35527.113
MinimumVisualStudioVersion = 10.0.40219.1
Project("{FAE04EC0-301F-11D3-BF4B-00C04F79EFBC}") = "ChibiCSharp", "ChibiCsharp\ChibiCSharp.csproj", "{019E086B-B54A-434C-A730-B14117A8ABE0}"
EndProject
Project("{FAE04EC0-301F-11D3-BF4B-00C04F79EFBC}") = "ChibiCSharpTestProject", "ChibiCSharpTestProject\ChibiCSharpTestProject.csproj", "{F70E4EB8-EC1D-4C70-80C5-13F6610B4749}"
EndProject
Project("{FAE04EC0-301F-11D3-BF4B-00C04F79EFBC}") = "ChibiCSharpCompiler", "ChibiCSharpCompiler\ChibiCSharpCompiler.csproj", "{38C7236C-8FAE-4C8A-8A05-DE945582FE0C}"
EndProject
Project("{FAE04EC0-301F-11D3-BF4B-00C04F79EFBC}") = "BlazorChibiCSharp", "BlazorChibiCSharp\BlazorChibiCSharp.csproj", "{03502BB3-6432-4F10-8EC2-61617B2871DF}"
EndProject
Project("{2150E333-8FDC-42A3-9474-1A3956D46DE8}") = "ソリューション項目", "ソリューション項目", "{E08F09CE-467D-49EB-8865-858E18C5FE92}"
	ProjectSection(SolutionItems) = preProject
		.github\workflows\BlazorChibiCSharp.yml = .github\workflows\BlazorChibiCSharp.yml
	EndProjectSection
EndProject
Global
	GlobalSection(SolutionConfigurationPlatforms) = preSolution
		Debug|Any CPU = Debug|Any CPU
		Release|Any CPU = Release|Any CPU
	EndGlobalSection
	GlobalSection(ProjectConfigurationPlatforms) = postSolution
		{019E086B-B54A-434C-A730-B14117A8ABE0}.Debug|Any CPU.ActiveCfg = Debug|Any CPU
		{019E086B-B54A-434C-A730-B14117A8ABE0}.Debug|Any CPU.Build.0 = Debug|Any CPU
		{019E086B-B54A-434C-A730-B14117A8ABE0}.Release|Any CPU.ActiveCfg = Release|Any CPU
		{019E086B-B54A-434C-A730-B14117A8ABE0}.Release|Any CPU.Build.0 = Release|Any CPU
		{F70E4EB8-EC1D-4C70-80C5-13F6610B4749}.Debug|Any CPU.ActiveCfg = Debug|Any CPU
		{F70E4EB8-EC1D-4C70-80C5-13F6610B4749}.Debug|Any CPU.Build.0 = Debug|Any CPU
		{F70E4EB8-EC1D-4C70-80C5-13F6610B4749}.Release|Any CPU.ActiveCfg = Release|Any CPU
		{F70E4EB8-EC1D-4C70-80C5-13F6610B4749}.Release|Any CPU.Build.0 = Release|Any CPU
		{38C7236C-8FAE-4C8A-8A05-DE945582FE0C}.Debug|Any CPU.ActiveCfg = Debug|Any CPU
		{38C7236C-8FAE-4C8A-8A05-DE945582FE0C}.Debug|Any CPU.Build.0 = Debug|Any CPU
		{38C7236C-8FAE-4C8A-8A05-DE945582FE0C}.Release|Any CPU.ActiveCfg = Release|Any CPU
		{38C7236C-8FAE-4C8A-8A05-DE945582FE0C}.Release|Any CPU.Build.0 = Release|Any CPU
		{03502BB3-6432-4F10-8EC2-61617B2871DF}.Debug|Any CPU.ActiveCfg = Debug|Any CPU
		{03502BB3-6432-4F10-8EC2-61617B2871DF}.Debug|Any CPU.Build.0 = Debug|Any CPU
		{03502BB3-6432-4F10-8EC2-61617B2871DF}.Release|Any CPU.ActiveCfg = Release|Any CPU
		{03502BB3-6432-4F10-8EC2-61617B2871DF}.Release|Any CPU.Build.0 = Release|Any CPU
	EndGlobalSection
	GlobalSection(SolutionProperties) = preSolution
		HideSolutionNode = FALSE
	EndGlobalSection
EndGlobal
